
Microsoft Visual Studio Solution File, Format Version 12.00
# Visual Studio 15
VisualStudioVersion = 15.0.27130.2010
MinimumVisualStudioVersion = 10.0.40219.1
Project("{FAE04EC0-301F-11D3-BF4B-00C04F79EFBC}") = "Photoviewer", "Macphun Software\Photoviewer.csproj", "{498E0CCE-0132-4B79-9ACB-29F9C3B43E4D}"
EndProject
Global
	GlobalSection(SolutionConfigurationPlatforms) = preSolution
		Debug|Any CPU = Debug|Any CPU
		Release|Any CPU = Release|Any CPU
	EndGlobalSection
	GlobalSection(ProjectConfigurationPlatforms) = postSolution
		{498E0CCE-0132-4B79-9ACB-29F9C3B43E4D}.Debug|Any CPU.ActiveCfg = Debug|Any CPU
		{498E0CCE-0132-4B79-9ACB-29F9C3B43E4D}.Debug|Any CPU.Build.0 = Debug|Any CPU
		{498E0CCE-0132-4B79-9ACB-29F9C3B43E4D}.Release|Any CPU.ActiveCfg = Release|Any CPU
		{498E0CCE-0132-4B79-9ACB-29F9C3B43E4D}.Release|Any CPU.Build.0 = Release|Any CPU
	EndGlobalSection
	GlobalSection(SolutionProperties) = preSolution
		HideSolutionNode = FALSE
	EndGlobalSection
	GlobalSection(ExtensibilityGlobals) = postSolution
		SolutionGuid = {437D3217-1A1C-49FB-85F0-83F49BF50C1C}
	EndGlobalSection
EndGlobal
